// !$*UTF8*$!
{
	archiveVersion = 1;
	classes = {
	};
	objectVersion = 46;
	objects = {

/* Begin PBXBuildFile section */
		35299D2A181E85310098BC3B /* Foundation.framework in Frameworks */ = {isa = PBXBuildFile; fileRef = 35299D29181E85310098BC3B /* Foundation.framework */; };
		35299D2C181E85310098BC3B /* CoreGraphics.framework in Frameworks */ = {isa = PBXBuildFile; fileRef = 35299D2B181E85310098BC3B /* CoreGraphics.framework */; };
		35299D2E181E85310098BC3B /* UIKit.framework in Frameworks */ = {isa = PBXBuildFile; fileRef = 35299D2D181E85310098BC3B /* UIKit.framework */; };
		35299D34181E85310098BC3B /* InfoPlist.strings in Resources */ = {isa = PBXBuildFile; fileRef = 35299D32181E85310098BC3B /* InfoPlist.strings */; };
		35299D36181E85310098BC3B /* main.m in Sources */ = {isa = PBXBuildFile; fileRef = 35299D35181E85310098BC3B /* main.m */; };
		35299D3A181E85310098BC3B /* HomepwnerAppDelegate.m in Sources */ = {isa = PBXBuildFile; fileRef = 35299D39181E85310098BC3B /* HomepwnerAppDelegate.m */; };
		35299D3C181E85310098BC3B /* Images.xcassets in Resources */ = {isa = PBXBuildFile; fileRef = 35299D3B181E85310098BC3B /* Images.xcassets */; };
		35299D43181E85310098BC3B /* XCTest.framework in Frameworks */ = {isa = PBXBuildFile; fileRef = 35299D42181E85310098BC3B /* XCTest.framework */; };
		35299D44181E85310098BC3B /* Foundation.framework in Frameworks */ = {isa = PBXBuildFile; fileRef = 35299D29181E85310098BC3B /* Foundation.framework */; };
		35299D45181E85310098BC3B /* UIKit.framework in Frameworks */ = {isa = PBXBuildFile; fileRef = 35299D2D181E85310098BC3B /* UIKit.framework */; };
		35299D4D181E85310098BC3B /* InfoPlist.strings in Resources */ = {isa = PBXBuildFile; fileRef = 35299D4B181E85310098BC3B /* InfoPlist.strings */; };
		35299D4F181E85310098BC3B /* HomepwnerTests.m in Sources */ = {isa = PBXBuildFile; fileRef = 35299D4E181E85310098BC3B /* HomepwnerTests.m */; };
		35299D5A181E869D0098BC3B /* ItemsViewController.m in Sources */ = {isa = PBXBuildFile; fileRef = 35299D59181E869D0098BC3B /* ItemsViewController.m */; };
		35299D5D181E96850098BC3B /* BNRItem.m in Sources */ = {isa = PBXBuildFile; fileRef = 35299D5C181E96850098BC3B /* BNRItem.m */; };
		35299D60181E981B0098BC3B /* BNRItemStore.m in Sources */ = {isa = PBXBuildFile; fileRef = 35299D5F181E981B0098BC3B /* BNRItemStore.m */; };
		3567FAB2182565C9005E5EF4 /* BNRImageStore.m in Sources */ = {isa = PBXBuildFile; fileRef = 3567FAB1182565C9005E5EF4 /* BNRImageStore.m */; };
		3591BF4B1820376A0022C43C /* DetailViewController.m in Sources */ = {isa = PBXBuildFile; fileRef = 3591BF491820376A0022C43C /* DetailViewController.m */; };
		3591BF4C1820376A0022C43C /* DetailViewController.xib in Resources */ = {isa = PBXBuildFile; fileRef = 3591BF4A1820376A0022C43C /* DetailViewController.xib */; };
		35DEC73B1826938C009C70E6 /* CrosshairView.m in Sources */ = {isa = PBXBuildFile; fileRef = 35DEC73A1826938C009C70E6 /* CrosshairView.m */; };
/* End PBXBuildFile section */

/* Begin PBXContainerItemProxy section */
		35299D46181E85310098BC3B /* PBXContainerItemProxy */ = {
			isa = PBXContainerItemProxy;
			containerPortal = 35299D1E181E85310098BC3B /* Project object */;
			proxyType = 1;
			remoteGlobalIDString = 35299D25181E85310098BC3B;
			remoteInfo = Homepwner;
		};
/* End PBXContainerItemProxy section */

/* Begin PBXFileReference section */
		35299D26181E85310098BC3B /* Homepwner.app */ = {isa = PBXFileReference; explicitFileType = wrapper.application; includeInIndex = 0; path = Homepwner.app; sourceTree = BUILT_PRODUCTS_DIR; };
		35299D29181E85310098BC3B /* Foundation.framework */ = {isa = PBXFileReference; lastKnownFileType = wrapper.framework; name = Foundation.framework; path = System/Library/Frameworks/Foundation.framework; sourceTree = SDKROOT; };
		35299D2B181E85310098BC3B /* CoreGraphics.framework */ = {isa = PBXFileReference; lastKnownFileType = wrapper.framework; name = CoreGraphics.framework; path = System/Library/Frameworks/CoreGraphics.framework; sourceTree = SDKROOT; };
		35299D2D181E85310098BC3B /* UIKit.framework */ = {isa = PBXFileReference; lastKnownFileType = wrapper.framework; name = UIKit.framework; path = System/Library/Frameworks/UIKit.framework; sourceTree = SDKROOT; };
		35299D31181E85310098BC3B /* Homepwner-Info.plist */ = {isa = PBXFileReference; lastKnownFileType = text.plist.xml; path = "Homepwner-Info.plist"; sourceTree = "<group>"; };
		35299D33181E85310098BC3B /* en */ = {isa = PBXFileReference; lastKnownFileType = text.plist.strings; name = en; path = en.lproj/InfoPlist.strings; sourceTree = "<group>"; };
		35299D35181E85310098BC3B /* main.m */ = {isa = PBXFileReference; lastKnownFileType = sourcecode.c.objc; path = main.m; sourceTree = "<group>"; };
		35299D37181E85310098BC3B /* Homepwner-Prefix.pch */ = {isa = PBXFileReference; lastKnownFileType = sourcecode.c.h; path = "Homepwner-Prefix.pch"; sourceTree = "<group>"; };
		35299D38181E85310098BC3B /* HomepwnerAppDelegate.h */ = {isa = PBXFileReference; lastKnownFileType = sourcecode.c.h; path = HomepwnerAppDelegate.h; sourceTree = "<group>"; };
		35299D39181E85310098BC3B /* HomepwnerAppDelegate.m */ = {isa = PBXFileReference; lastKnownFileType = sourcecode.c.objc; path = HomepwnerAppDelegate.m; sourceTree = "<group>"; };
		35299D3B181E85310098BC3B /* Images.xcassets */ = {isa = PBXFileReference; lastKnownFileType = folder.assetcatalog; path = Images.xcassets; sourceTree = "<group>"; };
		35299D41181E85310098BC3B /* HomepwnerTests.xctest */ = {isa = PBXFileReference; explicitFileType = wrapper.cfbundle; includeInIndex = 0; path = HomepwnerTests.xctest; sourceTree = BUILT_PRODUCTS_DIR; };
		35299D42181E85310098BC3B /* XCTest.framework */ = {isa = PBXFileReference; lastKnownFileType = wrapper.framework; name = XCTest.framework; path = Library/Frameworks/XCTest.framework; sourceTree = DEVELOPER_DIR; };
		35299D4A181E85310098BC3B /* HomepwnerTests-Info.plist */ = {isa = PBXFileReference; lastKnownFileType = text.plist.xml; path = "HomepwnerTests-Info.plist"; sourceTree = "<group>"; };
		35299D4C181E85310098BC3B /* en */ = {isa = PBXFileReference; lastKnownFileType = text.plist.strings; name = en; path = en.lproj/InfoPlist.strings; sourceTree = "<group>"; };
		35299D4E181E85310098BC3B /* HomepwnerTests.m */ = {isa = PBXFileReference; lastKnownFileType = sourcecode.c.objc; path = HomepwnerTests.m; sourceTree = "<group>"; };
		35299D58181E869D0098BC3B /* ItemsViewController.h */ = {isa = PBXFileReference; fileEncoding = 4; lastKnownFileType = sourcecode.c.h; path = ItemsViewController.h; sourceTree = "<group>"; };
		35299D59181E869D0098BC3B /* ItemsViewController.m */ = {isa = PBXFileReference; fileEncoding = 4; lastKnownFileType = sourcecode.c.objc; path = ItemsViewController.m; sourceTree = "<group>"; };
		35299D5B181E96850098BC3B /* BNRItem.h */ = {isa = PBXFileReference; fileEncoding = 4; lastKnownFileType = sourcecode.c.h; path = BNRItem.h; sourceTree = "<group>"; };
		35299D5C181E96850098BC3B /* BNRItem.m */ = {isa = PBXFileReference; fileEncoding = 4; lastKnownFileType = sourcecode.c.objc; path = BNRItem.m; sourceTree = "<group>"; };
		35299D5E181E981B0098BC3B /* BNRItemStore.h */ = {isa = PBXFileReference; fileEncoding = 4; lastKnownFileType = sourcecode.c.h; path = BNRItemStore.h; sourceTree = "<group>"; };
		35299D5F181E981B0098BC3B /* BNRItemStore.m */ = {isa = PBXFileReference; fileEncoding = 4; lastKnownFileType = sourcecode.c.objc; path = BNRItemStore.m; sourceTree = "<group>"; };
		3567FAB0182565C9005E5EF4 /* BNRImageStore.h */ = {isa = PBXFileReference; fileEncoding = 4; lastKnownFileType = sourcecode.c.h; path = BNRImageStore.h; sourceTree = "<group>"; };
		3567FAB1182565C9005E5EF4 /* BNRImageStore.m */ = {isa = PBXFileReference; fileEncoding = 4; lastKnownFileType = sourcecode.c.objc; path = BNRImageStore.m; sourceTree = "<group>"; };
		3591BF481820376A0022C43C /* DetailViewController.h */ = {isa = PBXFileReference; fileEncoding = 4; lastKnownFileType = sourcecode.c.h; path = DetailViewController.h; sourceTree = "<group>"; };
		3591BF491820376A0022C43C /* DetailViewController.m */ = {isa = PBXFileReference; fileEncoding = 4; lastKnownFileType = sourcecode.c.objc; path = DetailViewController.m; sourceTree = "<group>"; };
		3591BF4A1820376A0022C43C /* DetailViewController.xib */ = {isa = PBXFileReference; fileEncoding = 4; lastKnownFileType = file.xib; path = DetailViewController.xib; sourceTree = "<group>"; };
		35DEC7391826938C009C70E6 /* CrosshairView.h */ = {isa = PBXFileReference; fileEncoding = 4; lastKnownFileType = sourcecode.c.h; path = CrosshairView.h; sourceTree = "<group>"; };
		35DEC73A1826938C009C70E6 /* CrosshairView.m */ = {isa = PBXFileReference; fileEncoding = 4; lastKnownFileType = sourcecode.c.objc; path = CrosshairView.m; sourceTree = "<group>"; };
/* End PBXFileReference section */

/* Begin PBXFrameworksBuildPhase section */
		35299D23181E85310098BC3B /* Frameworks */ = {
			isa = PBXFrameworksBuildPhase;
			buildActionMask = 2147483647;
			files = (
				35299D2C181E85310098BC3B /* CoreGraphics.framework in Frameworks */,
				35299D2E181E85310098BC3B /* UIKit.framework in Frameworks */,
				35299D2A181E85310098BC3B /* Foundation.framework in Frameworks */,
			);
			runOnlyForDeploymentPostprocessing = 0;
		};
		35299D3E181E85310098BC3B /* Frameworks */ = {
			isa = PBXFrameworksBuildPhase;
			buildActionMask = 2147483647;
			files = (
				35299D43181E85310098BC3B /* XCTest.framework in Frameworks */,
				35299D45181E85310098BC3B /* UIKit.framework in Frameworks */,
				35299D44181E85310098BC3B /* Foundation.framework in Frameworks */,
			);
			runOnlyForDeploymentPostprocessing = 0;
		};
/* End PBXFrameworksBuildPhase section */

/* Begin PBXGroup section */
		35299D1D181E85310098BC3B = {
			isa = PBXGroup;
			children = (
				35299D2F181E85310098BC3B /* Homepwner */,
				35299D48181E85310098BC3B /* HomepwnerTests */,
				35299D28181E85310098BC3B /* Frameworks */,
				35299D27181E85310098BC3B /* Products */,
			);
			sourceTree = "<group>";
		};
		35299D27181E85310098BC3B /* Products */ = {
			isa = PBXGroup;
			children = (
				35299D26181E85310098BC3B /* Homepwner.app */,
				35299D41181E85310098BC3B /* HomepwnerTests.xctest */,
			);
			name = Products;
			sourceTree = "<group>";
		};
		35299D28181E85310098BC3B /* Frameworks */ = {
			isa = PBXGroup;
			children = (
				35299D29181E85310098BC3B /* Foundation.framework */,
				35299D2B181E85310098BC3B /* CoreGraphics.framework */,
				35299D2D181E85310098BC3B /* UIKit.framework */,
				35299D42181E85310098BC3B /* XCTest.framework */,
			);
			name = Frameworks;
			sourceTree = "<group>";
		};
		35299D2F181E85310098BC3B /* Homepwner */ = {
			isa = PBXGroup;
			children = (
				35299D38181E85310098BC3B /* HomepwnerAppDelegate.h */,
				35299D39181E85310098BC3B /* HomepwnerAppDelegate.m */,
				35299D58181E869D0098BC3B /* ItemsViewController.h */,
				35299D59181E869D0098BC3B /* ItemsViewController.m */,
				3591BF481820376A0022C43C /* DetailViewController.h */,
				3591BF491820376A0022C43C /* DetailViewController.m */,
				3591BF4A1820376A0022C43C /* DetailViewController.xib */,
				35DEC7391826938C009C70E6 /* CrosshairView.h */,
				35DEC73A1826938C009C70E6 /* CrosshairView.m */,
				35299D5E181E981B0098BC3B /* BNRItemStore.h */,
				35299D5F181E981B0098BC3B /* BNRItemStore.m */,
				35299D5B181E96850098BC3B /* BNRItem.h */,
				35299D5C181E96850098BC3B /* BNRItem.m */,
				3567FAB0182565C9005E5EF4 /* BNRImageStore.h */,
				3567FAB1182565C9005E5EF4 /* BNRImageStore.m */,
				35299D3B181E85310098BC3B /* Images.xcassets */,
				35299D30181E85310098BC3B /* Supporting Files */,
			);
			path = Homepwner;
			sourceTree = "<group>";
		};
		35299D30181E85310098BC3B /* Supporting Files */ = {
			isa = PBXGroup;
			children = (
				35299D31181E85310098BC3B /* Homepwner-Info.plist */,
				35299D32181E85310098BC3B /* InfoPlist.strings */,
				35299D35181E85310098BC3B /* main.m */,
				35299D37181E85310098BC3B /* Homepwner-Prefix.pch */,
			);
			name = "Supporting Files";
			sourceTree = "<group>";
		};
		35299D48181E85310098BC3B /* HomepwnerTests */ = {
			isa = PBXGroup;
			children = (
				35299D4E181E85310098BC3B /* HomepwnerTests.m */,
				35299D49181E85310098BC3B /* Supporting Files */,
			);
			path = HomepwnerTests;
			sourceTree = "<group>";
		};
		35299D49181E85310098BC3B /* Supporting Files */ = {
			isa = PBXGroup;
			children = (
				35299D4A181E85310098BC3B /* HomepwnerTests-Info.plist */,
				35299D4B181E85310098BC3B /* InfoPlist.strings */,
			);
			name = "Supporting Files";
			sourceTree = "<group>";
		};
/* End PBXGroup section */

/* Begin PBXNativeTarget section */
		35299D25181E85310098BC3B /* Homepwner */ = {
			isa = PBXNativeTarget;
			buildConfigurationList = 35299D52181E85310098BC3B /* Build configuration list for PBXNativeTarget "Homepwner" */;
			buildPhases = (
				35299D22181E85310098BC3B /* Sources */,
				35299D23181E85310098BC3B /* Frameworks */,
				35299D24181E85310098BC3B /* Resources */,
			);
			buildRules = (
			);
			dependencies = (
			);
			name = Homepwner;
			productName = Homepwner;
			productReference = 35299D26181E85310098BC3B /* Homepwner.app */;
			productType = "com.apple.product-type.application";
		};
		35299D40181E85310098BC3B /* HomepwnerTests */ = {
			isa = PBXNativeTarget;
			buildConfigurationList = 35299D55181E85310098BC3B /* Build configuration list for PBXNativeTarget "HomepwnerTests" */;
			buildPhases = (
				35299D3D181E85310098BC3B /* Sources */,
				35299D3E181E85310098BC3B /* Frameworks */,
				35299D3F181E85310098BC3B /* Resources */,
			);
			buildRules = (
			);
			dependencies = (
				35299D47181E85310098BC3B /* PBXTargetDependency */,
			);
			name = HomepwnerTests;
			productName = HomepwnerTests;
			productReference = 35299D41181E85310098BC3B /* HomepwnerTests.xctest */;
			productType = "com.apple.product-type.bundle.unit-test";
		};
/* End PBXNativeTarget section */

/* Begin PBXProject section */
		35299D1E181E85310098BC3B /* Project object */ = {
			isa = PBXProject;
			attributes = {
				CLASSPREFIX = Homepwner;
				LastUpgradeCheck = 0500;
				ORGANIZATIONNAME = "Adrian Istrate";
				TargetAttributes = {
					35299D40181E85310098BC3B = {
						TestTargetID = 35299D25181E85310098BC3B;
					};
				};
			};
			buildConfigurationList = 35299D21181E85310098BC3B /* Build configuration list for PBXProject "Homepwner" */;
			compatibilityVersion = "Xcode 3.2";
			developmentRegion = English;
			hasScannedForEncodings = 0;
			knownRegions = (
				en,
			);
			mainGroup = 35299D1D181E85310098BC3B;
			productRefGroup = 35299D27181E85310098BC3B /* Products */;
			projectDirPath = "";
			projectRoot = "";
			targets = (
				35299D25181E85310098BC3B /* Homepwner */,
				35299D40181E85310098BC3B /* HomepwnerTests */,
			);
		};
/* End PBXProject section */

/* Begin PBXResourcesBuildPhase section */
		35299D24181E85310098BC3B /* Resources */ = {
			isa = PBXResourcesBuildPhase;
			buildActionMask = 2147483647;
			files = (
				35299D34181E85310098BC3B /* InfoPlist.strings in Resources */,
				35299D3C181E85310098BC3B /* Images.xcassets in Resources */,
				3591BF4C1820376A0022C43C /* DetailViewController.xib in Resources */,
			);
			runOnlyForDeploymentPostprocessing = 0;
		};
		35299D3F181E85310098BC3B /* Resources */ = {
			isa = PBXResourcesBuildPhase;
			buildActionMask = 2147483647;
			files = (
				35299D4D181E85310098BC3B /* InfoPlist.strings in Resources */,
			);
			runOnlyForDeploymentPostprocessing = 0;
		};
/* End PBXResourcesBuildPhase section */

/* Begin PBXSourcesBuildPhase section */
		35299D22181E85310098BC3B /* Sources */ = {
			isa = PBXSourcesBuildPhase;
			buildActionMask = 2147483647;
			files = (
				35299D60181E981B0098BC3B /* BNRItemStore.m in Sources */,
				35299D5A181E869D0098BC3B /* ItemsViewController.m in Sources */,
				3567FAB2182565C9005E5EF4 /* BNRImageStore.m in Sources */,
				35DEC73B1826938C009C70E6 /* CrosshairView.m in Sources */,
				35299D5D181E96850098BC3B /* BNRItem.m in Sources */,
				35299D3A181E85310098BC3B /* HomepwnerAppDelegate.m in Sources */,
				35299D36181E85310098BC3B /* main.m in Sources */,
				3591BF4B1820376A0022C43C /* DetailViewController.m in Sources */,
			);
			runOnlyForDeploymentPostprocessing = 0;
		};
		35299D3D181E85310098BC3B /* Sources */ = {
			isa = PBXSourcesBuildPhase;
			buildActionMask = 2147483647;
			files = (
				35299D4F181E85310098BC3B /* HomepwnerTests.m in Sources */,
			);
			runOnlyForDeploymentPostprocessing = 0;
		};
/* End PBXSourcesBuildPhase section */

/* Begin PBXTargetDependency section */
		35299D47181E85310098BC3B /* PBXTargetDependency */ = {
			isa = PBXTargetDependency;
			target = 35299D25181E85310098BC3B /* Homepwner */;
			targetProxy = 35299D46181E85310098BC3B /* PBXContainerItemProxy */;
		};
/* End PBXTargetDependency section */

/* Begin PBXVariantGroup section */
		35299D32181E85310098BC3B /* InfoPlist.strings */ = {
			isa = PBXVariantGroup;
			children = (
				35299D33181E85310098BC3B /* en */,
			);
			name = InfoPlist.strings;
			sourceTree = "<group>";
		};
		35299D4B181E85310098BC3B /* InfoPlist.strings */ = {
			isa = PBXVariantGroup;
			children = (
				35299D4C181E85310098BC3B /* en */,
			);
			name = InfoPlist.strings;
			sourceTree = "<group>";
		};
/* End PBXVariantGroup section */

/* Begin XCBuildConfiguration section */
		35299D50181E85310098BC3B /* Debug */ = {
			isa = XCBuildConfiguration;
			buildSettings = {
				ALWAYS_SEARCH_USER_PATHS = NO;
				ARCHS = "$(ARCHS_STANDARD_INCLUDING_64_BIT)";
				CLANG_CXX_LANGUAGE_STANDARD = "gnu++0x";
				CLANG_CXX_LIBRARY = "libc++";
				CLANG_ENABLE_MODULES = YES;
				CLANG_ENABLE_OBJC_ARC = YES;
				CLANG_WARN_BOOL_CONVERSION = YES;
				CLANG_WARN_CONSTANT_CONVERSION = YES;
				CLANG_WARN_DIRECT_OBJC_ISA_USAGE = YES_ERROR;
				CLANG_WARN_EMPTY_BODY = YES;
				CLANG_WARN_ENUM_CONVERSION = YES;
				CLANG_WARN_INT_CONVERSION = YES;
				CLANG_WARN_OBJC_ROOT_CLASS = YES_ERROR;
				CLANG_WARN__DUPLICATE_METHOD_MATCH = YES;
				"CODE_SIGN_IDENTITY[sdk=iphoneos*]" = "iPhone Developer";
				COPY_PHASE_STRIP = NO;
				GCC_C_LANGUAGE_STANDARD = gnu99;
				GCC_DYNAMIC_NO_PIC = NO;
				GCC_OPTIMIZATION_LEVEL = 0;
				GCC_PREPROCESSOR_DEFINITIONS = (
					"DEBUG=1",
					"$(inherited)",
				);
				GCC_SYMBOLS_PRIVATE_EXTERN = NO;
				GCC_WARN_64_TO_32_BIT_CONVERSION = YES;
				GCC_WARN_ABOUT_RETURN_TYPE = YES_ERROR;
				GCC_WARN_UNDECLARED_SELECTOR = YES;
				GCC_WARN_UNINITIALIZED_AUTOS = YES;
				GCC_WARN_UNUSED_FUNCTION = YES;
				GCC_WARN_UNUSED_VARIABLE = YES;
				IPHONEOS_DEPLOYMENT_TARGET = 7.0;
				ONLY_ACTIVE_ARCH = YES;
				SDKROOT = iphoneos;
			};
			name = Debug;
		};
		35299D51181E85310098BC3B /* Release */ = {
			isa = XCBuildConfiguration;
			buildSettings = {
				ALWAYS_SEARCH_USER_PATHS = NO;
				ARCHS = "$(ARCHS_STANDARD_INCLUDING_64_BIT)";
				CLANG_CXX_LANGUAGE_STANDARD = "gnu++0x";
				CLANG_CXX_LIBRARY = "libc++";
				CLANG_ENABLE_MODULES = YES;
				CLANG_ENABLE_OBJC_ARC = YES;
				CLANG_WARN_BOOL_CONVERSION = YES;
				CLANG_WARN_CONSTANT_CONVERSION = YES;
				CLANG_WARN_DIRECT_OBJC_ISA_USAGE = YES_ERROR;
				CLANG_WARN_EMPTY_BODY = YES;
				CLANG_WARN_ENUM_CONVERSION = YES;
				CLANG_WARN_INT_CONVERSION = YES;
				CLANG_WARN_OBJC_ROOT_CLASS = YES_ERROR;
				CLANG_WARN__DUPLICATE_METHOD_MATCH = YES;
				"CODE_SIGN_IDENTITY[sdk=iphoneos*]" = "iPhone Developer";
				COPY_PHASE_STRIP = YES;
				ENABLE_NS_ASSERTIONS = NO;
				GCC_C_LANGUAGE_STANDARD = gnu99;
				GCC_WARN_64_TO_32_BIT_CONVERSION = YES;
				GCC_WARN_ABOUT_RETURN_TYPE = YES_ERROR;
				GCC_WARN_UNDECLARED_SELECTOR = YES;
				GCC_WARN_UNINITIALIZED_AUTOS = YES;
				GCC_WARN_UNUSED_FUNCTION = YES;
				GCC_WARN_UNUSED_VARIABLE = YES;
				IPHONEOS_DEPLOYMENT_TARGET = 7.0;
				SDKROOT = iphoneos;
				VALIDATE_PRODUCT = YES;
			};
			name = Release;
		};
		35299D53181E85310098BC3B /* Debug */ = {
			isa = XCBuildConfiguration;
			buildSettings = {
				ASSETCATALOG_COMPILER_APPICON_NAME = AppIcon;
				ASSETCATALOG_COMPILER_LAUNCHIMAGE_NAME = LaunchImage;
				GCC_PRECOMPILE_PREFIX_HEADER = YES;
				GCC_PREFIX_HEADER = "Homepwner/Homepwner-Prefix.pch";
				INFOPLIST_FILE = "Homepwner/Homepwner-Info.plist";
				IPHONEOS_DEPLOYMENT_TARGET = 6.1;
				PRODUCT_NAME = "$(TARGET_NAME)";
				WRAPPER_EXTENSION = app;
			};
			name = Debug;
		};
		35299D54181E85310098BC3B /* Release */ = {
			isa = XCBuildConfiguration;
			buildSettings = {
				ASSETCATALOG_COMPILER_APPICON_NAME = AppIcon;
				ASSETCATALOG_COMPILER_LAUNCHIMAGE_NAME = LaunchImage;
				GCC_PRECOMPILE_PREFIX_HEADER = YES;
				GCC_PREFIX_HEADER = "Homepwner/Homepwner-Prefix.pch";
				INFOPLIST_FILE = "Homepwner/Homepwner-Info.plist";
				IPHONEOS_DEPLOYMENT_TARGET = 6.1;
				PRODUCT_NAME = "$(TARGET_NAME)";
				WRAPPER_EXTENSION = app;
			};
			name = Release;
		};
		35299D56181E85310098BC3B /* Debug */ = {
			isa = XCBuildConfiguration;
			buildSettings = {
				ARCHS = "$(ARCHS_STANDARD_INCLUDING_64_BIT)";
				BUNDLE_LOADER = "$(BUILT_PRODUCTS_DIR)/Homepwner.app/Homepwner";
				FRAMEWORK_SEARCH_PATHS = (
					"$(SDKROOT)/Developer/Library/Frameworks",
					"$(inherited)",
					"$(DEVELOPER_FRAMEWORKS_DIR)",
				);
				GCC_PRECOMPILE_PREFIX_HEADER = YES;
				GCC_PREFIX_HEADER = "Homepwner/Homepwner-Prefix.pch";
				GCC_PREPROCESSOR_DEFINITIONS = (
					"DEBUG=1",
					"$(inherited)",
				);
				INFOPLIST_FILE = "HomepwnerTests/HomepwnerTests-Info.plist";
				PRODUCT_NAME = "$(TARGET_NAME)";
				TEST_HOST = "$(BUNDLE_LOADER)";
				WRAPPER_EXTENSION = xctest;
			};
			name = Debug;
		};
		35299D57181E85310098BC3B /* Release */ = {
			isa = XCBuildConfiguration;
			buildSettings = {
				ARCHS = "$(ARCHS_STANDARD_INCLUDING_64_BIT)";
				BUNDLE_LOADER = "$(BUILT_PRODUCTS_DIR)/Homepwner.app/Homepwner";
				FRAMEWORK_SEARCH_PATHS = (
					"$(SDKROOT)/Developer/Library/Frameworks",
					"$(inherited)",
					"$(DEVELOPER_FRAMEWORKS_DIR)",
				);
				GCC_PRECOMPILE_PREFIX_HEADER = YES;
				GCC_PREFIX_HEADER = "Homepwner/Homepwner-Prefix.pch";
				INFOPLIST_FILE = "HomepwnerTests/HomepwnerTests-Info.plist";
				PRODUCT_NAME = "$(TARGET_NAME)";
				TEST_HOST = "$(BUNDLE_LOADER)";
				WRAPPER_EXTENSION = xctest;
			};
			name = Release;
		};
/* End XCBuildConfiguration section */

/* Begin XCConfigurationList section */
		35299D21181E85310098BC3B /* Build configuration list for PBXProject "Homepwner" */ = {
			isa = XCConfigurationList;
			buildConfigurations = (
				35299D50181E85310098BC3B /* Debug */,
				35299D51181E85310098BC3B /* Release */,
			);
			defaultConfigurationIsVisible = 0;
			defaultConfigurationName = Release;
		};
		35299D52181E85310098BC3B /* Build configuration list for PBXNativeTarget "Homepwner" */ = {
			isa = XCConfigurationList;
			buildConfigurations = (
				35299D53181E85310098BC3B /* Debug */,
				35299D54181E85310098BC3B /* Release */,
			);
			defaultConfigurationIsVisible = 0;
			defaultConfigurationName = Release;
		};
		35299D55181E85310098BC3B /* Build configuration list for PBXNativeTarget "HomepwnerTests" */ = {
			isa = XCConfigurationList;
			buildConfigurations = (
				35299D56181E85310098BC3B /* Debug */,
				35299D57181E85310098BC3B /* Release */,
			);
			defaultConfigurationIsVisible = 0;
			defaultConfigurationName = Release;
		};
/* End XCConfigurationList section */
	};
	rootObject = 35299D1E181E85310098BC3B /* Project object */;
}
